
Microsoft Visual Studio Solution File, Format Version 12.00
# Visual Studio Version 16
VisualStudioVersion = 25.0.1704.4
MinimumVisualStudioVersion = 10.0.40219.1
Project("{FAE04EC0-301F-11D3-BF4B-00C04F79EFBC}") = "task36", "task36.csproj", "{ECB7D37F-4E2A-429A-B52B-E9AB75BBFD18}"
EndProject
Global
	GlobalSection(SolutionConfigurationPlatforms) = preSolution
		Debug|Any CPU = Debug|Any CPU
		Release|Any CPU = Release|Any CPU
	EndGlobalSection
	GlobalSection(ProjectConfigurationPlatforms) = postSolution
		{ECB7D37F-4E2A-429A-B52B-E9AB75BBFD18}.Debug|Any CPU.ActiveCfg = Debug|Any CPU
		{ECB7D37F-4E2A-429A-B52B-E9AB75BBFD18}.Debug|Any CPU.Build.0 = Debug|Any CPU
		{ECB7D37F-4E2A-429A-B52B-E9AB75BBFD18}.Release|Any CPU.ActiveCfg = Release|Any CPU
		{ECB7D37F-4E2A-429A-B52B-E9AB75BBFD18}.Release|Any CPU.Build.0 = Release|Any CPU
	EndGlobalSection
	GlobalSection(SolutionProperties) = preSolution
		HideSolutionNode = FALSE
	EndGlobalSection
	GlobalSection(ExtensibilityGlobals) = postSolution
		SolutionGuid = {F3D7FE6F-79B5-430D-86C4-6636CC9E8731}
	EndGlobalSection
EndGlobal
